
Microsoft Visual Studio Solution File, Format Version 12.00
# Visual Studio Version 16
VisualStudioVersion = 16.0.31129.286
MinimumVisualStudioVersion = 10.0.40219.1
Project("{8BC9CEB8-8B4A-11D0-8D11-00A0C91BC942}") = "슈팅게임", "슈팅게임\슈팅게임.vcxproj", "{963A1B5E-87F8-4AA4-AE38-76EE79A09BFA}"
EndProject
Global
	GlobalSection(SolutionConfigurationPlatforms) = preSolution
		Debug|x64 = Debug|x64
		Debug|x86 = Debug|x86
		Release|x64 = Release|x64
		Release|x86 = Release|x86
	EndGlobalSection
	GlobalSection(ProjectConfigurationPlatforms) = postSolution
		{963A1B5E-87F8-4AA4-AE38-76EE79A09BFA}.Debug|x64.ActiveCfg = Debug|x64
		{963A1B5E-87F8-4AA4-AE38-76EE79A09BFA}.Debug|x64.Build.0 = Debug|x64
		{963A1B5E-87F8-4AA4-AE38-76EE79A09BFA}.Debug|x86.ActiveCfg = Debug|Win32
		{963A1B5E-87F8-4AA4-AE38-76EE79A09BFA}.Debug|x86.Build.0 = Debug|Win32
		{963A1B5E-87F8-4AA4-AE38-76EE79A09BFA}.Release|x64.ActiveCfg = Release|x64
		{963A1B5E-87F8-4AA4-AE38-76EE79A09BFA}.Release|x64.Build.0 = Release|x64
		{963A1B5E-87F8-4AA4-AE38-76EE79A09BFA}.Release|x86.ActiveCfg = Release|Win32
		{963A1B5E-87F8-4AA4-AE38-76EE79A09BFA}.Release|x86.Build.0 = Release|Win32
	EndGlobalSection
	GlobalSection(SolutionProperties) = preSolution
		HideSolutionNode = FALSE
	EndGlobalSection
	GlobalSection(ExtensibilityGlobals) = postSolution
		SolutionGuid = {12C814AA-794C-4119-B8A4-5B10F669DC7C}
	EndGlobalSection
EndGlobal
